
Microsoft Visual Studio Solution File, Format Version 12.00
# Visual Studio Version 16
VisualStudioVersion = 16.0.29728.190
MinimumVisualStudioVersion = 10.0.40219.1
Project("{FAE04EC0-301F-11D3-BF4B-00C04F79EFBC}") = "Gevers-Autogarage", "Gevers-Autogarage\Gevers-Autogarage.csproj", "{E99C86EB-5245-4067-9172-0FE7D1762520}"
EndProject
Global
	GlobalSection(SolutionConfigurationPlatforms) = preSolution
		Debug|Any CPU = Debug|Any CPU
		Release|Any CPU = Release|Any CPU
	EndGlobalSection
	GlobalSection(ProjectConfigurationPlatforms) = postSolution
		{E99C86EB-5245-4067-9172-0FE7D1762520}.Debug|Any CPU.ActiveCfg = Debug|Any CPU
		{E99C86EB-5245-4067-9172-0FE7D1762520}.Debug|Any CPU.Build.0 = Debug|Any CPU
		{E99C86EB-5245-4067-9172-0FE7D1762520}.Release|Any CPU.ActiveCfg = Release|Any CPU
		{E99C86EB-5245-4067-9172-0FE7D1762520}.Release|Any CPU.Build.0 = Release|Any CPU
	EndGlobalSection
	GlobalSection(SolutionProperties) = preSolution
		HideSolutionNode = FALSE
	EndGlobalSection
	GlobalSection(ExtensibilityGlobals) = postSolution
		SolutionGuid = {E487EBC0-0430-4349-AD7C-FB7EE1AC947A}
	EndGlobalSection
EndGlobal
